
Microsoft Visual Studio Solution File, Format Version 12.00
# Visual Studio 14
VisualStudioVersion = 14.0.24720.0
MinimumVisualStudioVersion = 10.0.40219.1
Project("{FAE04EC0-301F-11D3-BF4B-00C04F79EFBC}") = "MazeRunner", "BluebeamMazeRunner\MazeRunner.csproj", "{43284546-A3C1-4E0A-9509-ACF606451CD3}"
EndProject
Project("{FAE04EC0-301F-11D3-BF4B-00C04F79EFBC}") = "MazeRunner.UnitTests", "MazeRunner.UnitTests\MazeRunner.UnitTests.csproj", "{624112DC-D832-42AC-83AE-DDDAAF5D1925}"
EndProject
Global
	GlobalSection(SolutionConfigurationPlatforms) = preSolution
		Debug|Any CPU = Debug|Any CPU
		Release|Any CPU = Release|Any CPU
	EndGlobalSection
	GlobalSection(ProjectConfigurationPlatforms) = postSolution
		{43284546-A3C1-4E0A-9509-ACF606451CD3}.Debug|Any CPU.ActiveCfg = Debug|Any CPU
		{43284546-A3C1-4E0A-9509-ACF606451CD3}.Debug|Any CPU.Build.0 = Debug|Any CPU
		{43284546-A3C1-4E0A-9509-ACF606451CD3}.Release|Any CPU.ActiveCfg = Release|Any CPU
		{43284546-A3C1-4E0A-9509-ACF606451CD3}.Release|Any CPU.Build.0 = Release|Any CPU
		{624112DC-D832-42AC-83AE-DDDAAF5D1925}.Debug|Any CPU.ActiveCfg = Debug|Any CPU
		{624112DC-D832-42AC-83AE-DDDAAF5D1925}.Debug|Any CPU.Build.0 = Debug|Any CPU
		{624112DC-D832-42AC-83AE-DDDAAF5D1925}.Release|Any CPU.ActiveCfg = Release|Any CPU
		{624112DC-D832-42AC-83AE-DDDAAF5D1925}.Release|Any CPU.Build.0 = Release|Any CPU
	EndGlobalSection
	GlobalSection(SolutionProperties) = preSolution
		HideSolutionNode = FALSE
	EndGlobalSection
EndGlobal
